
Microsoft Visual Studio Solution File, Format Version 12.00
# Visual Studio Version 16
VisualStudioVersion = 16.0.29009.5
MinimumVisualStudioVersion = 10.0.40219.1
Project("{9A19103F-16F7-4668-BE54-9A1E7A4F7556}") = "Hangfire.Realm", "Hangfire.Realm\Hangfire.Realm.csproj", "{6311504D-9633-4D34-8689-FB9D345BE553}"
EndProject
Project("{9A19103F-16F7-4668-BE54-9A1E7A4F7556}") = "Hangfire.Realm.Tests", "Hangfire.Realm.Tests\Hangfire.Realm.Tests.csproj", "{1B5096A2-C30E-41AA-8AA2-F64D2BC22931}"
EndProject
Project("{9A19103F-16F7-4668-BE54-9A1E7A4F7556}") = "Hangfire.Realm.Sample.NETCore.Generic", "Hangfire.Realm.Sample.NETCore.Generic\Hangfire.Realm.Sample.NETCore.Generic.csproj", "{A60B1C2B-B88F-420D-BFB7-62C0122EC2EF}"
EndProject
Project("{9A19103F-16F7-4668-BE54-9A1E7A4F7556}") = "Hangfire.Realm.Sample.NetCore", "Hangfire.Realm.Sample.NetCore\Hangfire.Realm.Sample.NetCore.csproj", "{A8F68595-BD12-40E4-BFFA-A2319F817402}"
EndProject
Project("{FAE04EC0-301F-11D3-BF4B-00C04F79EFBC}") = "Hangfire.Realm.Sample.AspNETCore", "Hangfire.Realm.Sample.AspNETCore\Hangfire.Realm.Sample.AspNETCore.csproj", "{0FA2F62A-28E3-4FBD-83A2-3A617DF9E077}"
EndProject
Global
	GlobalSection(SolutionConfigurationPlatforms) = preSolution
		Debug|Any CPU = Debug|Any CPU
		Release|Any CPU = Release|Any CPU
	EndGlobalSection
	GlobalSection(ProjectConfigurationPlatforms) = postSolution
		{6311504D-9633-4D34-8689-FB9D345BE553}.Debug|Any CPU.ActiveCfg = Debug|Any CPU
		{6311504D-9633-4D34-8689-FB9D345BE553}.Debug|Any CPU.Build.0 = Debug|Any CPU
		{6311504D-9633-4D34-8689-FB9D345BE553}.Release|Any CPU.ActiveCfg = Release|Any CPU
		{6311504D-9633-4D34-8689-FB9D345BE553}.Release|Any CPU.Build.0 = Release|Any CPU
		{1B5096A2-C30E-41AA-8AA2-F64D2BC22931}.Debug|Any CPU.ActiveCfg = Debug|Any CPU
		{1B5096A2-C30E-41AA-8AA2-F64D2BC22931}.Debug|Any CPU.Build.0 = Debug|Any CPU
		{1B5096A2-C30E-41AA-8AA2-F64D2BC22931}.Release|Any CPU.ActiveCfg = Release|Any CPU
		{1B5096A2-C30E-41AA-8AA2-F64D2BC22931}.Release|Any CPU.Build.0 = Release|Any CPU
		{A60B1C2B-B88F-420D-BFB7-62C0122EC2EF}.Debug|Any CPU.ActiveCfg = Debug|Any CPU
		{A60B1C2B-B88F-420D-BFB7-62C0122EC2EF}.Debug|Any CPU.Build.0 = Debug|Any CPU
		{A60B1C2B-B88F-420D-BFB7-62C0122EC2EF}.Release|Any CPU.ActiveCfg = Release|Any CPU
		{A60B1C2B-B88F-420D-BFB7-62C0122EC2EF}.Release|Any CPU.Build.0 = Release|Any CPU
		{A8F68595-BD12-40E4-BFFA-A2319F817402}.Debug|Any CPU.ActiveCfg = Debug|Any CPU
		{A8F68595-BD12-40E4-BFFA-A2319F817402}.Debug|Any CPU.Build.0 = Debug|Any CPU
		{A8F68595-BD12-40E4-BFFA-A2319F817402}.Release|Any CPU.ActiveCfg = Release|Any CPU
		{A8F68595-BD12-40E4-BFFA-A2319F817402}.Release|Any CPU.Build.0 = Release|Any CPU
		{0FA2F62A-28E3-4FBD-83A2-3A617DF9E077}.Debug|Any CPU.ActiveCfg = Debug|Any CPU
		{0FA2F62A-28E3-4FBD-83A2-3A617DF9E077}.Debug|Any CPU.Build.0 = Debug|Any CPU
		{0FA2F62A-28E3-4FBD-83A2-3A617DF9E077}.Release|Any CPU.ActiveCfg = Release|Any CPU
		{0FA2F62A-28E3-4FBD-83A2-3A617DF9E077}.Release|Any CPU.Build.0 = Release|Any CPU
	EndGlobalSection
	GlobalSection(SolutionProperties) = preSolution
		HideSolutionNode = FALSE
	EndGlobalSection
	GlobalSection(ExtensibilityGlobals) = postSolution
		SolutionGuid = {21AA500D-1F2E-4ED3-AF6F-9F1FA8DA9AA3}
	EndGlobalSection
EndGlobal
